
Microsoft Visual Studio Solution File, Format Version 12.00
# Visual Studio Version 17
VisualStudioVersion = 17.0.31919.166
MinimumVisualStudioVersion = 10.0.40219.1
Project("{9A19103F-16F7-4668-BE54-9A1E7A4F7556}") = "GoodTrip", "GoodTrip.csproj", "{210EEA66-4307-46B6-8190-F9F66C7E1C1A}"
EndProject
Global
	GlobalSection(SolutionConfigurationPlatforms) = preSolution
		Debug|Any CPU = Debug|Any CPU
		Release|Any CPU = Release|Any CPU
	EndGlobalSection
	GlobalSection(ProjectConfigurationPlatforms) = postSolution
		{210EEA66-4307-46B6-8190-F9F66C7E1C1A}.Debug|Any CPU.ActiveCfg = Debug|Any CPU
		{210EEA66-4307-46B6-8190-F9F66C7E1C1A}.Debug|Any CPU.Build.0 = Debug|Any CPU
		{210EEA66-4307-46B6-8190-F9F66C7E1C1A}.Release|Any CPU.ActiveCfg = Release|Any CPU
		{210EEA66-4307-46B6-8190-F9F66C7E1C1A}.Release|Any CPU.Build.0 = Release|Any CPU
	EndGlobalSection
	GlobalSection(SolutionProperties) = preSolution
		HideSolutionNode = FALSE
	EndGlobalSection
	GlobalSection(ExtensibilityGlobals) = postSolution
		SolutionGuid = {B449D67C-13CF-4262-8FDE-47083B5EACD6}
	EndGlobalSection
EndGlobal
